
Microsoft Visual Studio Solution File, Format Version 11.00
# Visual Studio 2015
Project("{FAE04EC0-301F-11D3-BF4B-00C04F79EFBC}") = "BankManager", "BankManager\BankManager.csproj", "{816F8BAC-3E07-494B-8553-7283D5E32CEE}"
EndProject
Project("{FAE04EC0-301F-11D3-BF4B-00C04F79EFBC}") = "BankManager.Tests", "BankManager.Tests\BankManager.Tests.csproj", "{A4CAEF0D-5937-4A33-870E-3F1ABBCE8764}"
EndProject
Global
	GlobalSection(SolutionConfigurationPlatforms) = preSolution
		Debug|Any CPU = Debug|Any CPU
		Release|Any CPU = Release|Any CPU
	EndGlobalSection
	GlobalSection(ProjectConfigurationPlatforms) = postSolution
		{816F8BAC-3E07-494B-8553-7283D5E32CEE}.Debug|Any CPU.ActiveCfg = Debug|Any CPU
		{816F8BAC-3E07-494B-8553-7283D5E32CEE}.Debug|Any CPU.Build.0 = Debug|Any CPU
		{816F8BAC-3E07-494B-8553-7283D5E32CEE}.Release|Any CPU.ActiveCfg = Release|Any CPU
		{816F8BAC-3E07-494B-8553-7283D5E32CEE}.Release|Any CPU.Build.0 = Release|Any CPU
		{A4CAEF0D-5937-4A33-870E-3F1ABBCE8764}.Debug|Any CPU.ActiveCfg = Debug|Any CPU
		{A4CAEF0D-5937-4A33-870E-3F1ABBCE8764}.Debug|Any CPU.Build.0 = Debug|Any CPU
		{A4CAEF0D-5937-4A33-870E-3F1ABBCE8764}.Release|Any CPU.ActiveCfg = Release|Any CPU
		{A4CAEF0D-5937-4A33-870E-3F1ABBCE8764}.Release|Any CPU.Build.0 = Release|Any CPU
	EndGlobalSection
	GlobalSection(SolutionProperties) = preSolution
		HideSolutionNode = FALSE
	EndGlobalSection
EndGlobal
